<?xml version="1.0" encoding="utf-8"?>
<Project ToolsVersion="4.0" xmlns="http://schemas.microsoft.com/developer/msbuild/2003">
  <ItemGroup>
    <Filter Include="Source Files">
      <UniqueIdentifier>{4FC737F1-C7A5-4376-A066-2A32D752A2FF}</UniqueIdentifier>
      <Extensions>cpp;c;cc;cxx;c++;cppm;ixx;def;odl;idl;hpj;bat;asm;asmx</Extensions>
    </Filter>
    <Filter Include="Header Files">
      <UniqueIdentifier>{93995380-89BD-4b04-88EB-625FBE52EBFB}</UniqueIdentifier>
      <Extensions>h;hh;hpp;hxx;h++;hm;inl;inc;ipp;xsd</Extensions>
    </Filter>
    <Filter Include="Resource Files">
      <UniqueIdentifier>{67DA6AB6-F800-4c08-8B7A-83BB121AAD01}</UniqueIdentifier>
      <Extensions>rc;ico;cur;bmp;dlg;rc2;rct;bin;rgs;gif;jpg;jpeg;jpe;resx;tiff;tif;png;wav;mfcribbon-ms</Extensions>
    </Filter>
  </ItemGroup>
  <ItemGroup>
    <ClCompile Include="Main.cpp">
      <Filter>Source Files</Filter>
    </ClCompile>
    <ClCompile Include="glad.c">
      <Filter>Source Files</Filter>
    </ClCompile>
    <ClCompile Include="Shape2D.cpp">
      <Filter>Source Files</Filter>
    </ClCompile>
    <ClCompile Include="Player.cpp">
      <Filter>Source Files</Filter>
    </ClCompile>
    <ClCompile Include="ShapeGenerator.cpp">
      <Filter>Source Files</Filter>
    </ClCompile>
  </ItemGroup>
  <ItemGroup>
    <ClInclude Include="Shader.h">
      <Filter>Header Files</Filter>
    </ClInclude>
    <ClInclude Include="Shape2D.h">
      <Filter>Header Files</Filter>
    </ClInclude>
    <ClInclude Include="CommonStructs.h">
      <Filter>Header Files</Filter>
    </ClInclude>
    <ClInclude Include="Player.h">
      <Filter>Header Files</Filter>
    </ClInclude>
    <ClInclude Include="ShapeGenerator.h">
      <Filter>Header Files</Filter>
    </ClInclude>
    <ClInclude Include="ComputeShader.h">
      <Filter>Header Files</Filter>
    </ClInclude>
  </ItemGroup>
  <ItemGroup>
    <None Include="shader.vert" />
    <None Include="shader_purple.frag" />
    <None Include="shader_red.frag" />
    <None Include="thresholding_shader.comp" />
  </ItemGroup>
  <ItemGroup>
    <Text Include="shader_texture.vert" />
    <Text Include="shader_texture.frag" />
  </ItemGroup>
  <ItemGroup>
    <Image Include="final_thesis_dataset\final_thesis_dataset\drone_shots\drone_1.jpg">
      <Filter>Resource Files</Filter>
    </Image>
    <Image Include="final_thesis_dataset\final_thesis_dataset\drone_shots\drone_2.jpg">
      <Filter>Resource Files</Filter>
    </Image>
    <Image Include="final_thesis_dataset\final_thesis_dataset\drone_shots\drone_3.jpg">
      <Filter>Resource Files</Filter>
    </Image>
    <Image Include="final_thesis_dataset\final_thesis_dataset\drone_shots\drone_4.jpg">
      <Filter>Resource Files</Filter>
    </Image>
    <Image Include="final_thesis_dataset\final_thesis_dataset\hot_cups\1_42.jpg">
      <Filter>Resource Files</Filter>
    </Image>
    <Image Include="final_thesis_dataset\final_thesis_dataset\hot_cups\1_43.jpg">
      <Filter>Resource Files</Filter>
    </Image>
    <Image Include="final_thesis_dataset\final_thesis_dataset\hot_cups\1_44.jpg">
      <Filter>Resource Files</Filter>
    </Image>
    <Image Include="final_thesis_dataset\final_thesis_dataset\hot_cups\1_45.jpg">
      <Filter>Resource Files</Filter>
    </Image>
    <Image Include="final_thesis_dataset\final_thesis_dataset\hot_cups\1_46.jpg">
      <Filter>Resource Files</Filter>
    </Image>
    <Image Include="final_thesis_dataset\final_thesis_dataset\hot_cups\1_47.jpg">
      <Filter>Resource Files</Filter>
    </Image>
    <Image Include="final_thesis_dataset\final_thesis_dataset\hot_cups\1_48.jpg">
      <Filter>Resource Files</Filter>
    </Image>
    <Image Include="final_thesis_dataset\final_thesis_dataset\hot_cups\1_49.jpg">
      <Filter>Resource Files</Filter>
    </Image>
    <Image Include="final_thesis_dataset\final_thesis_dataset\hot_cups\1_50.jpg">
      <Filter>Resource Files</Filter>
    </Image>
    <Image Include="final_thesis_dataset\final_thesis_dataset\hot_cups\1_51.jpg">
      <Filter>Resource Files</Filter>
    </Image>
    <Image Include="final_thesis_dataset\final_thesis_dataset\hot_cups\1_52.jpg">
      <Filter>Resource Files</Filter>
    </Image>
    <Image Include="final_thesis_dataset\final_thesis_dataset\hot_cups\1_53.jpg">
      <Filter>Resource Files</Filter>
    </Image>
    <Image Include="final_thesis_dataset\final_thesis_dataset\hot_cups\1_54.jpg">
      <Filter>Resource Files</Filter>
    </Image>
    <Image Include="final_thesis_dataset\final_thesis_dataset\hot_cups\1_55.jpg">
      <Filter>Resource Files</Filter>
    </Image>
    <Image Include="final_thesis_dataset\final_thesis_dataset\hot_cups\1_56.jpg">
      <Filter>Resource Files</Filter>
    </Image>
    <Image Include="final_thesis_dataset\final_thesis_dataset\hot_cups\1_57.jpg">
      <Filter>Resource Files</Filter>
    </Image>
    <Image Include="final_thesis_dataset\final_thesis_dataset\hot_cups\1_58.jpg">
      <Filter>Resource Files</Filter>
    </Image>
    <Image Include="final_thesis_dataset\final_thesis_dataset\hot_cups\1_59.jpg">
      <Filter>Resource Files</Filter>
    </Image>
    <Image Include="final_thesis_dataset\final_thesis_dataset\hot_cups\1_60.jpg">
      <Filter>Resource Files</Filter>
    </Image>
    <Image Include="final_thesis_dataset\final_thesis_dataset\hot_cups\1_61.jpg">
      <Filter>Resource Files</Filter>
    </Image>
    <Image Include="final_thesis_dataset\final_thesis_dataset\hot_cups\1_62.jpg">
      <Filter>Resource Files</Filter>
    </Image>
    <Image Include="final_thesis_dataset\final_thesis_dataset\hot_cups\1_63.jpg">
      <Filter>Resource Files</Filter>
    </Image>
    <Image Include="final_thesis_dataset\final_thesis_dataset\hot_cups\1_64.jpg">
      <Filter>Resource Files</Filter>
    </Image>
    <Image Include="final_thesis_dataset\final_thesis_dataset\hot_cups\1_65.jpg">
      <Filter>Resource Files</Filter>
    </Image>
    <Image Include="final_thesis_dataset\final_thesis_dataset\hot_cups\1_66.jpg">
      <Filter>Resource Files</Filter>
    </Image>
    <Image Include="final_thesis_dataset\final_thesis_dataset\hot_cups\1_67.jpg">
      <Filter>Resource Files</Filter>
    </Image>
    <Image Include="final_thesis_dataset\final_thesis_dataset\hot_cups\1_68.jpg">
      <Filter>Resource Files</Filter>
    </Image>
    <Image Include="final_thesis_dataset\final_thesis_dataset\drone_shots\drone_5.jfif">
      <Filter>Resource Files</Filter>
    </Image>
  </ItemGroup>
</Project>